{
    "_meta": {
        "hash": {
            "sha256": "6f4c302234ab476cd0971a87b7ef9e1169d07e6efe1cc62ee1d1129d62a4024c"
        },
        "pipfile-spec": 6,
        "requires": {
            "python_version": "3.9"
        },
        "sources": [
            {
                "name": "pypi",
                "url": "https://pypi.org/simple",
                "verify_ssl": true
            }
        ]
    },
    "default": {
        "db-to-sqlite": {
            "extras": [
                "postgresql"
            ]
        }
    },
    "develop": {}
}
