{
    "_meta": {
        "hash": {
            "sha256": "d266a2e9f3377b5ba4782729fac2c61f499cfe1b766662eeef09ccb2cd4f421a"
        },
        "pipfile-spec": 6,
        "requires": {
            "python_version": "3.9"
        },
        "sources": [
            {
                "name": "pypi",
                "url": "https://pypi.org/simple",
                "verify_ssl": true
            }
        ]
    },
    "default": {
        "db-to-sqlite": {
            "extras": [
                "postgresql"
            ]
        }
    },
    "develop": {}
}
