{
    "_meta": {
        "hash": {
            "sha256": "c4835fca29db230dee6b18af992589f9635cd4b4286bacb2a4350cfe1492dd76"
        },
        "pipfile-spec": 6,
        "requires": {
            "python_version": "3.9"
        },
        "sources": [
            {
                "name": "pypi",
                "url": "https://pypi.org/simple",
                "verify_ssl": true
            }
        ]
    },
    "default": {
        "db-to-sqlite": {
            "extras": [
                "postgresql"
            ]
        }
    },
    "develop": {}
}
